# This file is automatically @generated by Poetry 1.8.3 and should not be changed by hand.

[[package]]
name = "jose"
version = "1.0.0"
description = "An implementation of the JOSE draft"
optional = false
python-versions = "*"
files = [
    {file = "jose-1.0.0.tar.gz", hash = "sha256:8436c3617cd94e1ba97828fbb1ce27c129f66c78fb855b4bb47e122b5f345fba"},
]

[package.dependencies]
pycrypto = ">=2.6"

[[package]]
name = "pycrypto"
version = "2.6.1"
description = "Cryptographic modules for Python."
optional = false
python-versions = "*"
files = [
    {file = "pycrypto-2.6.1.tar.gz", hash = "sha256:f2ce1e989b272cfcb677616763e0a2e7ec659effa67a88aa92b3a65528f60a3c"},
]

[metadata]
lock-version = "2.0"
python-versions = "^3.10"
content-hash = "df851606a10e4dff014014350cb87adaf1edaba9a368caa885589cd7986647e2"
